// !$*UTF8*$!
{
	archiveVersion = 1;
	classes = {
	};
	objectVersion = 46;
	objects = {

/* Begin PBXBuildFile section */
		58818CF61CC4EF4700CB1C08 /* AppDelegate.swift in Sources */ = {isa = PBXBuildFile; fileRef = 58818CF51CC4EF4700CB1C08 /* AppDelegate.swift */; };
		58818CF81CC4EF4700CB1C08 /* ViewController.swift in Sources */ = {isa = PBXBuildFile; fileRef = 58818CF71CC4EF4700CB1C08 /* ViewController.swift */; };
		58818CFB1CC4EF4700CB1C08 /* Main.storyboard in Resources */ = {isa = PBXBuildFile; fileRef = 58818CF91CC4EF4700CB1C08 /* Main.storyboard */; };
		58818CFD1CC4EF4700CB1C08 /* Assets.xcassets in Resources */ = {isa = PBXBuildFile; fileRef = 58818CFC1CC4EF4700CB1C08 /* Assets.xcassets */; };
		58818D001CC4EF4700CB1C08 /* LaunchScreen.storyboard in Resources */ = {isa = PBXBuildFile; fileRef = 58818CFE1CC4EF4700CB1C08 /* LaunchScreen.storyboard */; };
/* End PBXBuildFile section */

/* Begin PBXFileReference section */
		58818CF21CC4EF4700CB1C08 /* Lesson 1 - Calculator (Demo).app */ = {isa = PBXFileReference; explicitFileType = wrapper.application; includeInIndex = 0; path = "Lesson 1 - Calculator (Demo).app"; sourceTree = BUILT_PRODUCTS_DIR; };
		58818CF51CC4EF4700CB1C08 /* AppDelegate.swift */ = {isa = PBXFileReference; lastKnownFileType = sourcecode.swift; path = AppDelegate.swift; sourceTree = "<group>"; };
		58818CF71CC4EF4700CB1C08 /* ViewController.swift */ = {isa = PBXFileReference; lastKnownFileType = sourcecode.swift; path = ViewController.swift; sourceTree = "<group>"; };
		58818CFA1CC4EF4700CB1C08 /* Base */ = {isa = PBXFileReference; lastKnownFileType = file.storyboard; name = Base; path = Base.lproj/Main.storyboard; sourceTree = "<group>"; };
		58818CFC1CC4EF4700CB1C08 /* Assets.xcassets */ = {isa = PBXFileReference; lastKnownFileType = folder.assetcatalog; path = Assets.xcassets; sourceTree = "<group>"; };
		58818CFF1CC4EF4700CB1C08 /* Base */ = {isa = PBXFileReference; lastKnownFileType = file.storyboard; name = Base; path = Base.lproj/LaunchScreen.storyboard; sourceTree = "<group>"; };
		58818D011CC4EF4700CB1C08 /* Info.plist */ = {isa = PBXFileReference; lastKnownFileType = text.plist.xml; path = Info.plist; sourceTree = "<group>"; };
/* End PBXFileReference section */

/* Begin PBXFrameworksBuildPhase section */
		58818CEF1CC4EF4700CB1C08 /* Frameworks */ = {
			isa = PBXFrameworksBuildPhase;
			buildActionMask = 2147483647;
			files = (
			);
			runOnlyForDeploymentPostprocessing = 0;
		};
/* End PBXFrameworksBuildPhase section */

/* Begin PBXGroup section */
		58818CE91CC4EF4700CB1C08 = {
			isa = PBXGroup;
			children = (
				58818CF41CC4EF4700CB1C08 /* Lesson 1 - Calculator (Demo) */,
				58818CF31CC4EF4700CB1C08 /* Products */,
			);
			sourceTree = "<group>";
		};
		58818CF31CC4EF4700CB1C08 /* Products */ = {
			isa = PBXGroup;
			children = (
				58818CF21CC4EF4700CB1C08 /* Lesson 1 - Calculator (Demo).app */,
			);
			name = Products;
			sourceTree = "<group>";
		};
		58818CF41CC4EF4700CB1C08 /* Lesson 1 - Calculator (Demo) */ = {
			isa = PBXGroup;
			children = (
				58818D071CC4EF6B00CB1C08 /* Supporting files */,
				58818CF71CC4EF4700CB1C08 /* ViewController.swift */,
				58818CF91CC4EF4700CB1C08 /* Main.storyboard */,
			);
			path = "Lesson 1 - Calculator (Demo)";
			sourceTree = "<group>";
		};
		58818D071CC4EF6B00CB1C08 /* Supporting files */ = {
			isa = PBXGroup;
			children = (
				58818D011CC4EF4700CB1C08 /* Info.plist */,
				58818CFE1CC4EF4700CB1C08 /* LaunchScreen.storyboard */,
				58818CFC1CC4EF4700CB1C08 /* Assets.xcassets */,
				58818CF51CC4EF4700CB1C08 /* AppDelegate.swift */,
			);
			name = "Supporting files";
			sourceTree = "<group>";
		};
/* End PBXGroup section */

/* Begin PBXNativeTarget section */
		58818CF11CC4EF4700CB1C08 /* Lesson 1 - Calculator (Demo) */ = {
			isa = PBXNativeTarget;
			buildConfigurationList = 58818D041CC4EF4700CB1C08 /* Build configuration list for PBXNativeTarget "Lesson 1 - Calculator (Demo)" */;
			buildPhases = (
				58818CEE1CC4EF4700CB1C08 /* Sources */,
				58818CEF1CC4EF4700CB1C08 /* Frameworks */,
				58818CF01CC4EF4700CB1C08 /* Resources */,
			);
			buildRules = (
			);
			dependencies = (
			);
			name = "Lesson 1 - Calculator (Demo)";
			productName = "Lesson 1 - Calculator (Demo)";
			productReference = 58818CF21CC4EF4700CB1C08 /* Lesson 1 - Calculator (Demo).app */;
			productType = "com.apple.product-type.application";
		};
/* End PBXNativeTarget section */

/* Begin PBXProject section */
		58818CEA1CC4EF4700CB1C08 /* Project object */ = {
			isa = PBXProject;
			attributes = {
				LastSwiftUpdateCheck = 0720;
				LastUpgradeCheck = 0720;
				ORGANIZATIONNAME = UmairKhan;
				TargetAttributes = {
					58818CF11CC4EF4700CB1C08 = {
						CreatedOnToolsVersion = 7.2;
					};
				};
			};
			buildConfigurationList = 58818CED1CC4EF4700CB1C08 /* Build configuration list for PBXProject "Lesson 1 - Calculator (Demo)" */;
			compatibilityVersion = "Xcode 3.2";
			developmentRegion = English;
			hasScannedForEncodings = 0;
			knownRegions = (
				en,
				Base,
			);
			mainGroup = 58818CE91CC4EF4700CB1C08;
			productRefGroup = 58818CF31CC4EF4700CB1C08 /* Products */;
			projectDirPath = "";
			projectRoot = "";
			targets = (
				58818CF11CC4EF4700CB1C08 /* Lesson 1 - Calculator (Demo) */,
			);
		};
/* End PBXProject section */

/* Begin PBXResourcesBuildPhase section */
		58818CF01CC4EF4700CB1C08 /* Resources */ = {
			isa = PBXResourcesBuildPhase;
			buildActionMask = 2147483647;
			files = (
				58818D001CC4EF4700CB1C08 /* LaunchScreen.storyboard in Resources */,
				58818CFD1CC4EF4700CB1C08 /* Assets.xcassets in Resources */,
				58818CFB1CC4EF4700CB1C08 /* Main.storyboard in Resources */,
			);
			runOnlyForDeploymentPostprocessing = 0;
		};
/* End PBXResourcesBuildPhase section */

/* Begin PBXSourcesBuildPhase section */
		58818CEE1CC4EF4700CB1C08 /* Sources */ = {
			isa = PBXSourcesBuildPhase;
			buildActionMask = 2147483647;
			files = (
				58818CF81CC4EF4700CB1C08 /* ViewController.swift in Sources */,
				58818CF61CC4EF4700CB1C08 /* AppDelegate.swift in Sources */,
			);
			runOnlyForDeploymentPostprocessing = 0;
		};
/* End PBXSourcesBuildPhase section */

/* Begin PBXVariantGroup section */
		58818CF91CC4EF4700CB1C08 /* Main.storyboard */ = {
			isa = PBXVariantGroup;
			children = (
				58818CFA1CC4EF4700CB1C08 /* Base */,
			);
			name = Main.storyboard;
			sourceTree = "<group>";
		};
		58818CFE1CC4EF4700CB1C08 /* LaunchScreen.storyboard */ = {
			isa = PBXVariantGroup;
			children = (
				58818CFF1CC4EF4700CB1C08 /* Base */,
			);
			name = LaunchScreen.storyboard;
			sourceTree = "<group>";
		};
/* End PBXVariantGroup section */

/* Begin XCBuildConfiguration section */
		58818D021CC4EF4700CB1C08 /* Debug */ = {
			isa = XCBuildConfiguration;
			buildSettings = {
				ALWAYS_SEARCH_USER_PATHS = NO;
				CLANG_CXX_LANGUAGE_STANDARD = "gnu++0x";
				CLANG_CXX_LIBRARY = "libc++";
				CLANG_ENABLE_MODULES = YES;
				CLANG_ENABLE_OBJC_ARC = YES;
				CLANG_WARN_BOOL_CONVERSION = YES;
				CLANG_WARN_CONSTANT_CONVERSION = YES;
				CLANG_WARN_DIRECT_OBJC_ISA_USAGE = YES_ERROR;
				CLANG_WARN_EMPTY_BODY = YES;
				CLANG_WARN_ENUM_CONVERSION = YES;
				CLANG_WARN_INT_CONVERSION = YES;
				CLANG_WARN_OBJC_ROOT_CLASS = YES_ERROR;
				CLANG_WARN_UNREACHABLE_CODE = YES;
				CLANG_WARN__DUPLICATE_METHOD_MATCH = YES;
				"CODE_SIGN_IDENTITY[sdk=iphoneos*]" = "iPhone Developer";
				COPY_PHASE_STRIP = NO;
				DEBUG_INFORMATION_FORMAT = dwarf;
				ENABLE_STRICT_OBJC_MSGSEND = YES;
				ENABLE_TESTABILITY = YES;
				GCC_C_LANGUAGE_STANDARD = gnu99;
				GCC_DYNAMIC_NO_PIC = NO;
				GCC_NO_COMMON_BLOCKS = YES;
				GCC_OPTIMIZATION_LEVEL = 0;
				GCC_PREPROCESSOR_DEFINITIONS = (
					"DEBUG=1",
					"$(inherited)",
				);
				GCC_WARN_64_TO_32_BIT_CONVERSION = YES;
				GCC_WARN_ABOUT_RETURN_TYPE = YES_ERROR;
				GCC_WARN_UNDECLARED_SELECTOR = YES;
				GCC_WARN_UNINITIALIZED_AUTOS = YES_AGGRESSIVE;
				GCC_WARN_UNUSED_FUNCTION = YES;
				GCC_WARN_UNUSED_VARIABLE = YES;
				IPHONEOS_DEPLOYMENT_TARGET = 9.2;
				MTL_ENABLE_DEBUG_INFO = YES;
				ONLY_ACTIVE_ARCH = YES;
				SDKROOT = iphoneos;
				SWIFT_OPTIMIZATION_LEVEL = "-Onone";
				TARGETED_DEVICE_FAMILY = "1,2";
			};
			name = Debug;
		};
		58818D031CC4EF4700CB1C08 /* Release */ = {
			isa = XCBuildConfiguration;
			buildSettings = {
				ALWAYS_SEARCH_USER_PATHS = NO;
				CLANG_CXX_LANGUAGE_STANDARD = "gnu++0x";
				CLANG_CXX_LIBRARY = "libc++";
				CLANG_ENABLE_MODULES = YES;
				CLANG_ENABLE_OBJC_ARC = YES;
				CLANG_WARN_BOOL_CONVERSION = YES;
				CLANG_WARN_CONSTANT_CONVERSION = YES;
				CLANG_WARN_DIRECT_OBJC_ISA_USAGE = YES_ERROR;
				CLANG_WARN_EMPTY_BODY = YES;
				CLANG_WARN_ENUM_CONVERSION = YES;
				CLANG_WARN_INT_CONVERSION = YES;
				CLANG_WARN_OBJC_ROOT_CLASS = YES_ERROR;
				CLANG_WARN_UNREACHABLE_CODE = YES;
				CLANG_WARN__DUPLICATE_METHOD_MATCH = YES;
				"CODE_SIGN_IDENTITY[sdk=iphoneos*]" = "iPhone Developer";
				COPY_PHASE_STRIP = NO;
				DEBUG_INFORMATION_FORMAT = "dwarf-with-dsym";
				ENABLE_NS_ASSERTIONS = NO;
				ENABLE_STRICT_OBJC_MSGSEND = YES;
				GCC_C_LANGUAGE_STANDARD = gnu99;
				GCC_NO_COMMON_BLOCKS = YES;
				GCC_WARN_64_TO_32_BIT_CONVERSION = YES;
				GCC_WARN_ABOUT_RETURN_TYPE = YES_ERROR;
				GCC_WARN_UNDECLARED_SELECTOR = YES;
				GCC_WARN_UNINITIALIZED_AUTOS = YES_AGGRESSIVE;
				GCC_WARN_UNUSED_FUNCTION = YES;
				GCC_WARN_UNUSED_VARIABLE = YES;
				IPHONEOS_DEPLOYMENT_TARGET = 9.2;
				MTL_ENABLE_DEBUG_INFO = NO;
				SDKROOT = iphoneos;
				TARGETED_DEVICE_FAMILY = "1,2";
				VALIDATE_PRODUCT = YES;
			};
			name = Release;
		};
		58818D051CC4EF4700CB1C08 /* Debug */ = {
			isa = XCBuildConfiguration;
			buildSettings = {
				ASSETCATALOG_COMPILER_APPICON_NAME = AppIcon;
				INFOPLIST_FILE = "Lesson 1 - Calculator (Demo)/Info.plist";
				LD_RUNPATH_SEARCH_PATHS = "$(inherited) @executable_path/Frameworks";
				PRODUCT_BUNDLE_IDENTIFIER = "com.techlogix.isotraining.Lesson-1---Calculator--Demo-";
				PRODUCT_NAME = "$(TARGET_NAME)";
			};
			name = Debug;
		};
		58818D061CC4EF4700CB1C08 /* Release */ = {
			isa = XCBuildConfiguration;
			buildSettings = {
				ASSETCATALOG_COMPILER_APPICON_NAME = AppIcon;
				INFOPLIST_FILE = "Lesson 1 - Calculator (Demo)/Info.plist";
				LD_RUNPATH_SEARCH_PATHS = "$(inherited) @executable_path/Frameworks";
				PRODUCT_BUNDLE_IDENTIFIER = "com.techlogix.isotraining.Lesson-1---Calculator--Demo-";
				PRODUCT_NAME = "$(TARGET_NAME)";
			};
			name = Release;
		};
/* End XCBuildConfiguration section */

/* Begin XCConfigurationList section */
		58818CED1CC4EF4700CB1C08 /* Build configuration list for PBXProject "Lesson 1 - Calculator (Demo)" */ = {
			isa = XCConfigurationList;
			buildConfigurations = (
				58818D021CC4EF4700CB1C08 /* Debug */,
				58818D031CC4EF4700CB1C08 /* Release */,
			);
			defaultConfigurationIsVisible = 0;
			defaultConfigurationName = Release;
		};
		58818D041CC4EF4700CB1C08 /* Build configuration list for PBXNativeTarget "Lesson 1 - Calculator (Demo)" */ = {
			isa = XCConfigurationList;
			buildConfigurations = (
				58818D051CC4EF4700CB1C08 /* Debug */,
				58818D061CC4EF4700CB1C08 /* Release */,
			);
			defaultConfigurationIsVisible = 0;
		};
/* End XCConfigurationList section */
	};
	rootObject = 58818CEA1CC4EF4700CB1C08 /* Project object */;
}
